
Microsoft Visual Studio Solution File, Format Version 12.00
# Visual Studio Version 17
VisualStudioVersion = 17.6.33723.286
MinimumVisualStudioVersion = 10.0.40219.1
Project("{FAE04EC0-301F-11D3-BF4B-00C04F79EFBC}") = "eTickets", "eTickets\eTickets.csproj", "{7E9DE442-FFBE-4201-BBF0-3CD75681A754}"
EndProject
Global
	GlobalSection(SolutionConfigurationPlatforms) = preSolution
		Debug|Any CPU = Debug|Any CPU
		Release|Any CPU = Release|Any CPU
	EndGlobalSection
	GlobalSection(ProjectConfigurationPlatforms) = postSolution
		{7E9DE442-FFBE-4201-BBF0-3CD75681A754}.Debug|Any CPU.ActiveCfg = Debug|Any CPU
		{7E9DE442-FFBE-4201-BBF0-3CD75681A754}.Debug|Any CPU.Build.0 = Debug|Any CPU
		{7E9DE442-FFBE-4201-BBF0-3CD75681A754}.Release|Any CPU.ActiveCfg = Release|Any CPU
		{7E9DE442-FFBE-4201-BBF0-3CD75681A754}.Release|Any CPU.Build.0 = Release|Any CPU
	EndGlobalSection
	GlobalSection(SolutionProperties) = preSolution
		HideSolutionNode = FALSE
	EndGlobalSection
	GlobalSection(ExtensibilityGlobals) = postSolution
		SolutionGuid = {E650A038-A974-46F9-A26F-5D0566D0236B}
	EndGlobalSection
EndGlobal
